
Microsoft Visual Studio Solution File, Format Version 12.00
# Visual Studio Version 17
VisualStudioVersion = 17.0.32014.148
MinimumVisualStudioVersion = 10.0.40219.1
Project("{8BC9CEB8-8B4A-11D0-8D11-00A0C91BC942}") = "Manual Loader", "Manual Loader\Manual Loader.vcxproj", "{D638C44C-1E9A-4131-A781-06893E83060F}"
EndProject
Global
	GlobalSection(SolutionConfigurationPlatforms) = preSolution
		Debug|x64 = Debug|x64
		Debug|x86 = Debug|x86
		Release|x64 = Release|x64
		Release|x86 = Release|x86
	EndGlobalSection
	GlobalSection(ProjectConfigurationPlatforms) = postSolution
		{D638C44C-1E9A-4131-A781-06893E83060F}.Debug|x64.ActiveCfg = Debug|x64
		{D638C44C-1E9A-4131-A781-06893E83060F}.Debug|x64.Build.0 = Debug|x64
		{D638C44C-1E9A-4131-A781-06893E83060F}.Debug|x86.ActiveCfg = Debug|Win32
		{D638C44C-1E9A-4131-A781-06893E83060F}.Debug|x86.Build.0 = Debug|Win32
		{D638C44C-1E9A-4131-A781-06893E83060F}.Release|x64.ActiveCfg = Release|x64
		{D638C44C-1E9A-4131-A781-06893E83060F}.Release|x64.Build.0 = Release|x64
		{D638C44C-1E9A-4131-A781-06893E83060F}.Release|x86.ActiveCfg = Release|Win32
		{D638C44C-1E9A-4131-A781-06893E83060F}.Release|x86.Build.0 = Release|Win32
	EndGlobalSection
	GlobalSection(SolutionProperties) = preSolution
		HideSolutionNode = FALSE
	EndGlobalSection
	GlobalSection(ExtensibilityGlobals) = postSolution
		SolutionGuid = {89C9918B-BE0F-4FB8-B3D0-304A5A37855F}
	EndGlobalSection
EndGlobal
